
Microsoft Visual Studio Solution File, Format Version 11.00
# Visual Studio 2010
Project("{F184B08F-C81C-45F6-A57F-5ABD9991F28F}") = "Live_Work", "Live_Worl\Live_Work.vbproj", "{7F924476-200F-4F7E-B1D8-F75A0C04BC6F}"
EndProject
Global
	GlobalSection(SolutionConfigurationPlatforms) = preSolution
		Debug|x86 = Debug|x86
		Release|x86 = Release|x86
	EndGlobalSection
	GlobalSection(ProjectConfigurationPlatforms) = postSolution
		{7F924476-200F-4F7E-B1D8-F75A0C04BC6F}.Debug|x86.ActiveCfg = Debug|x86
		{7F924476-200F-4F7E-B1D8-F75A0C04BC6F}.Debug|x86.Build.0 = Debug|x86
		{7F924476-200F-4F7E-B1D8-F75A0C04BC6F}.Release|x86.ActiveCfg = Release|x86
		{7F924476-200F-4F7E-B1D8-F75A0C04BC6F}.Release|x86.Build.0 = Release|x86
	EndGlobalSection
	GlobalSection(SolutionProperties) = preSolution
		HideSolutionNode = FALSE
	EndGlobalSection
EndGlobal
